
Microsoft Visual Studio Solution File, Format Version 12.00
# Visual Studio Version 16
VisualStudioVersion = 16.0.31105.61
MinimumVisualStudioVersion = 10.0.40219.1
Project("{FAE04EC0-301F-11D3-BF4B-00C04F79EFBC}") = "THWebTuan3", "THWebTuan3\THWebTuan3.csproj", "{BBBC37CE-0430-470E-8455-41AE22EBF8B3}"
EndProject
Global
	GlobalSection(SolutionConfigurationPlatforms) = preSolution
		Debug|Any CPU = Debug|Any CPU
		Release|Any CPU = Release|Any CPU
	EndGlobalSection
	GlobalSection(ProjectConfigurationPlatforms) = postSolution
		{BBBC37CE-0430-470E-8455-41AE22EBF8B3}.Debug|Any CPU.ActiveCfg = Debug|Any CPU
		{BBBC37CE-0430-470E-8455-41AE22EBF8B3}.Debug|Any CPU.Build.0 = Debug|Any CPU
		{BBBC37CE-0430-470E-8455-41AE22EBF8B3}.Release|Any CPU.ActiveCfg = Release|Any CPU
		{BBBC37CE-0430-470E-8455-41AE22EBF8B3}.Release|Any CPU.Build.0 = Release|Any CPU
	EndGlobalSection
	GlobalSection(SolutionProperties) = preSolution
		HideSolutionNode = FALSE
	EndGlobalSection
	GlobalSection(ExtensibilityGlobals) = postSolution
		SolutionGuid = {46B9F560-F5D4-4E9F-B372-BF32BA9564A6}
	EndGlobalSection
EndGlobal
